// !$*UTF8*$!
{
	archiveVersion = 1;
	classes = {
	};
	objectVersion = 77;
	objects = {

/* Begin PBXBuildFile section */
		11BE2E602F351E1300748250 /* SwiftUIRender in Frameworks */ = {isa = PBXBuildFile; productRef = 11BE2E5F2F351E1300748250 /* SwiftUIRender */; };
		11BE2E652F3523D400748250 /* Endpoints in Frameworks */ = {isa = PBXBuildFile; productRef = 11BE2E642F3523D400748250 /* Endpoints */; };
		11BE2E672F3523D400748250 /* EndpointsMocking in Frameworks */ = {isa = PBXBuildFile; productRef = 11BE2E662F3523D400748250 /* EndpointsMocking */; };
		11BE2E6A2F35292900748250 /* AsyncViewModel in Frameworks */ = {isa = PBXBuildFile; productRef = 11BE2E692F35292900748250 /* AsyncViewModel */; };
		11BE2E6D2F35294100748250 /* AsyncServerSentEvents in Frameworks */ = {isa = PBXBuildFile; productRef = 11BE2E6C2F35294100748250 /* AsyncServerSentEvents */; };
/* End PBXBuildFile section */

/* Begin PBXContainerItemProxy section */
		11D2ECC32F351CDB0064A932 /* PBXContainerItemProxy */ = {
			isa = PBXContainerItemProxy;
			containerPortal = 11D2ECAD2F351CDA0064A932 /* Project object */;
			proxyType = 1;
			remoteGlobalIDString = 11D2ECB42F351CDA0064A932;
			remoteInfo = RenderChat;
		};
		11D2ECCD2F351CDB0064A932 /* PBXContainerItemProxy */ = {
			isa = PBXContainerItemProxy;
			containerPortal = 11D2ECAD2F351CDA0064A932 /* Project object */;
			proxyType = 1;
			remoteGlobalIDString = 11D2ECB42F351CDA0064A932;
			remoteInfo = RenderChat;
		};
/* End PBXContainerItemProxy section */

/* Begin PBXFileReference section */
		11D2ECB52F351CDA0064A932 /* RenderChat.app */ = {isa = PBXFileReference; explicitFileType = wrapper.application; includeInIndex = 0; path = RenderChat.app; sourceTree = BUILT_PRODUCTS_DIR; };
		11D2ECC22F351CDB0064A932 /* RenderChatTests.xctest */ = {isa = PBXFileReference; explicitFileType = wrapper.cfbundle; includeInIndex = 0; path = RenderChatTests.xctest; sourceTree = BUILT_PRODUCTS_DIR; };
		11D2ECCC2F351CDB0064A932 /* RenderChatUITests.xctest */ = {isa = PBXFileReference; explicitFileType = wrapper.cfbundle; includeInIndex = 0; path = RenderChatUITests.xctest; sourceTree = BUILT_PRODUCTS_DIR; };
/* End PBXFileReference section */

/* Begin PBXFileSystemSynchronizedRootGroup section */
		11D2ECB72F351CDA0064A932 /* RenderChat */ = {
			isa = PBXFileSystemSynchronizedRootGroup;
			path = RenderChat;
			sourceTree = "<group>";
		};
		11D2ECC52F351CDB0064A932 /* RenderChatTests */ = {
			isa = PBXFileSystemSynchronizedRootGroup;
			path = RenderChatTests;
			sourceTree = "<group>";
		};
		11D2ECCF2F351CDB0064A932 /* RenderChatUITests */ = {
			isa = PBXFileSystemSynchronizedRootGroup;
			path = RenderChatUITests;
			sourceTree = "<group>";
		};
/* End PBXFileSystemSynchronizedRootGroup section */

/* Begin PBXFrameworksBuildPhase section */
		11D2ECB22F351CDA0064A932 /* Frameworks */ = {
			isa = PBXFrameworksBuildPhase;
			buildActionMask = 2147483647;
			files = (
				11BE2E6A2F35292900748250 /* AsyncViewModel in Frameworks */,
				11BE2E6D2F35294100748250 /* AsyncServerSentEvents in Frameworks */,
				11BE2E602F351E1300748250 /* SwiftUIRender in Frameworks */,
				11BE2E652F3523D400748250 /* Endpoints in Frameworks */,
			);
			runOnlyForDeploymentPostprocessing = 0;
		};
		11D2ECBF2F351CDB0064A932 /* Frameworks */ = {
			isa = PBXFrameworksBuildPhase;
			buildActionMask = 2147483647;
			files = (
				11BE2E672F3523D400748250 /* EndpointsMocking in Frameworks */,
			);
			runOnlyForDeploymentPostprocessing = 0;
		};
		11D2ECC92F351CDB0064A932 /* Frameworks */ = {
			isa = PBXFrameworksBuildPhase;
			buildActionMask = 2147483647;
			files = (
			);
			runOnlyForDeploymentPostprocessing = 0;
		};
/* End PBXFrameworksBuildPhase section */

/* Begin PBXGroup section */
		11D2ECAC2F351CDA0064A932 = {
			isa = PBXGroup;
			children = (
				11D2ECB72F351CDA0064A932 /* RenderChat */,
				11D2ECC52F351CDB0064A932 /* RenderChatTests */,
				11D2ECCF2F351CDB0064A932 /* RenderChatUITests */,
				11D2ECB62F351CDA0064A932 /* Products */,
			);
			sourceTree = "<group>";
		};
		11D2ECB62F351CDA0064A932 /* Products */ = {
			isa = PBXGroup;
			children = (
				11D2ECB52F351CDA0064A932 /* RenderChat.app */,
				11D2ECC22F351CDB0064A932 /* RenderChatTests.xctest */,
				11D2ECCC2F351CDB0064A932 /* RenderChatUITests.xctest */,
			);
			name = Products;
			sourceTree = "<group>";
		};
/* End PBXGroup section */

/* Begin PBXNativeTarget section */
		11D2ECB42F351CDA0064A932 /* RenderChat */ = {
			isa = PBXNativeTarget;
			buildConfigurationList = 11D2ECD62F351CDB0064A932 /* Build configuration list for PBXNativeTarget "RenderChat" */;
			buildPhases = (
				11D2ECB12F351CDA0064A932 /* Sources */,
				11D2ECB22F351CDA0064A932 /* Frameworks */,
				11D2ECB32F351CDA0064A932 /* Resources */,
			);
			buildRules = (
			);
			dependencies = (
			);
			fileSystemSynchronizedGroups = (
				11D2ECB72F351CDA0064A932 /* RenderChat */,
			);
			name = RenderChat;
			packageProductDependencies = (
				11BE2E5F2F351E1300748250 /* SwiftUIRender */,
				11BE2E642F3523D400748250 /* Endpoints */,
				11BE2E692F35292900748250 /* AsyncViewModel */,
				11BE2E6C2F35294100748250 /* AsyncServerSentEvents */,
			);
			productName = RenderChat;
			productReference = 11D2ECB52F351CDA0064A932 /* RenderChat.app */;
			productType = "com.apple.product-type.application";
		};
		11D2ECC12F351CDB0064A932 /* RenderChatTests */ = {
			isa = PBXNativeTarget;
			buildConfigurationList = 11D2ECD92F351CDB0064A932 /* Build configuration list for PBXNativeTarget "RenderChatTests" */;
			buildPhases = (
				11D2ECBE2F351CDB0064A932 /* Sources */,
				11D2ECBF2F351CDB0064A932 /* Frameworks */,
				11D2ECC02F351CDB0064A932 /* Resources */,
			);
			buildRules = (
			);
			dependencies = (
				11D2ECC42F351CDB0064A932 /* PBXTargetDependency */,
			);
			fileSystemSynchronizedGroups = (
				11D2ECC52F351CDB0064A932 /* RenderChatTests */,
			);
			name = RenderChatTests;
			packageProductDependencies = (
				11BE2E662F3523D400748250 /* EndpointsMocking */,
			);
			productName = RenderChatTests;
			productReference = 11D2ECC22F351CDB0064A932 /* RenderChatTests.xctest */;
			productType = "com.apple.product-type.bundle.unit-test";
		};
		11D2ECCB2F351CDB0064A932 /* RenderChatUITests */ = {
			isa = PBXNativeTarget;
			buildConfigurationList = 11D2ECDC2F351CDB0064A932 /* Build configuration list for PBXNativeTarget "RenderChatUITests" */;
			buildPhases = (
				11D2ECC82F351CDB0064A932 /* Sources */,
				11D2ECC92F351CDB0064A932 /* Frameworks */,
				11D2ECCA2F351CDB0064A932 /* Resources */,
			);
			buildRules = (
			);
			dependencies = (
				11D2ECCE2F351CDB0064A932 /* PBXTargetDependency */,
			);
			fileSystemSynchronizedGroups = (
				11D2ECCF2F351CDB0064A932 /* RenderChatUITests */,
			);
			name = RenderChatUITests;
			packageProductDependencies = (
			);
			productName = RenderChatUITests;
			productReference = 11D2ECCC2F351CDB0064A932 /* RenderChatUITests.xctest */;
			productType = "com.apple.product-type.bundle.ui-testing";
		};
/* End PBXNativeTarget section */

/* Begin PBXProject section */
		11D2ECAD2F351CDA0064A932 /* Project object */ = {
			isa = PBXProject;
			attributes = {
				BuildIndependentTargetsInParallel = 1;
				LastSwiftUpdateCheck = 2630;
				LastUpgradeCheck = 2630;
				TargetAttributes = {
					11D2ECB42F351CDA0064A932 = {
						CreatedOnToolsVersion = 26.3;
					};
					11D2ECC12F351CDB0064A932 = {
						CreatedOnToolsVersion = 26.3;
						TestTargetID = 11D2ECB42F351CDA0064A932;
					};
					11D2ECCB2F351CDB0064A932 = {
						CreatedOnToolsVersion = 26.3;
						TestTargetID = 11D2ECB42F351CDA0064A932;
					};
				};
			};
			buildConfigurationList = 11D2ECB02F351CDA0064A932 /* Build configuration list for PBXProject "RenderChat" */;
			developmentRegion = en;
			hasScannedForEncodings = 0;
			knownRegions = (
				en,
				Base,
			);
			mainGroup = 11D2ECAC2F351CDA0064A932;
			minimizedProjectReferenceProxies = 1;
			packageReferences = (
				11BE2E5E2F351E1300748250 /* XCLocalSwiftPackageReference "../SwiftUIRender" */,
				11BE2E632F3523D400748250 /* XCRemoteSwiftPackageReference "Endpoints" */,
				11BE2E682F35292900748250 /* XCRemoteSwiftPackageReference "AsyncViewModel" */,
				11BE2E6B2F35294100748250 /* XCRemoteSwiftPackageReference "AsyncServerSentEvents" */,
			);
			preferredProjectObjectVersion = 77;
			productRefGroup = 11D2ECB62F351CDA0064A932 /* Products */;
			projectDirPath = "";
			projectRoot = "";
			targets = (
				11D2ECB42F351CDA0064A932 /* RenderChat */,
				11D2ECC12F351CDB0064A932 /* RenderChatTests */,
				11D2ECCB2F351CDB0064A932 /* RenderChatUITests */,
			);
		};
/* End PBXProject section */

/* Begin PBXResourcesBuildPhase section */
		11D2ECB32F351CDA0064A932 /* Resources */ = {
			isa = PBXResourcesBuildPhase;
			buildActionMask = 2147483647;
			files = (
			);
			runOnlyForDeploymentPostprocessing = 0;
		};
		11D2ECC02F351CDB0064A932 /* Resources */ = {
			isa = PBXResourcesBuildPhase;
			buildActionMask = 2147483647;
			files = (
			);
			runOnlyForDeploymentPostprocessing = 0;
		};
		11D2ECCA2F351CDB0064A932 /* Resources */ = {
			isa = PBXResourcesBuildPhase;
			buildActionMask = 2147483647;
			files = (
			);
			runOnlyForDeploymentPostprocessing = 0;
		};
/* End PBXResourcesBuildPhase section */

/* Begin PBXSourcesBuildPhase section */
		11D2ECB12F351CDA0064A932 /* Sources */ = {
			isa = PBXSourcesBuildPhase;
			buildActionMask = 2147483647;
			files = (
			);
			runOnlyForDeploymentPostprocessing = 0;
		};
		11D2ECBE2F351CDB0064A932 /* Sources */ = {
			isa = PBXSourcesBuildPhase;
			buildActionMask = 2147483647;
			files = (
			);
			runOnlyForDeploymentPostprocessing = 0;
		};
		11D2ECC82F351CDB0064A932 /* Sources */ = {
			isa = PBXSourcesBuildPhase;
			buildActionMask = 2147483647;
			files = (
			);
			runOnlyForDeploymentPostprocessing = 0;
		};
/* End PBXSourcesBuildPhase section */

/* Begin PBXTargetDependency section */
		11D2ECC42F351CDB0064A932 /* PBXTargetDependency */ = {
			isa = PBXTargetDependency;
			target = 11D2ECB42F351CDA0064A932 /* RenderChat */;
			targetProxy = 11D2ECC32F351CDB0064A932 /* PBXContainerItemProxy */;
		};
		11D2ECCE2F351CDB0064A932 /* PBXTargetDependency */ = {
			isa = PBXTargetDependency;
			target = 11D2ECB42F351CDA0064A932 /* RenderChat */;
			targetProxy = 11D2ECCD2F351CDB0064A932 /* PBXContainerItemProxy */;
		};
/* End PBXTargetDependency section */

/* Begin XCBuildConfiguration section */
		11D2ECD42F351CDB0064A932 /* Debug */ = {
			isa = XCBuildConfiguration;
			buildSettings = {
				ALWAYS_SEARCH_USER_PATHS = NO;
				ASSETCATALOG_COMPILER_GENERATE_SWIFT_ASSET_SYMBOL_EXTENSIONS = YES;
				CLANG_ANALYZER_NONNULL = YES;
				CLANG_ANALYZER_NUMBER_OBJECT_CONVERSION = YES_AGGRESSIVE;
				CLANG_CXX_LANGUAGE_STANDARD = "gnu++20";
				CLANG_ENABLE_MODULES = YES;
				CLANG_ENABLE_OBJC_ARC = YES;
				CLANG_ENABLE_OBJC_WEAK = YES;
				CLANG_WARN_BLOCK_CAPTURE_AUTORELEASING = YES;
				CLANG_WARN_BOOL_CONVERSION = YES;
				CLANG_WARN_COMMA = YES;
				CLANG_WARN_CONSTANT_CONVERSION = YES;
				CLANG_WARN_DEPRECATED_OBJC_IMPLEMENTATIONS = YES;
				CLANG_WARN_DIRECT_OBJC_ISA_USAGE = YES_ERROR;
				CLANG_WARN_DOCUMENTATION_COMMENTS = YES;
				CLANG_WARN_EMPTY_BODY = YES;
				CLANG_WARN_ENUM_CONVERSION = YES;
				CLANG_WARN_INFINITE_RECURSION = YES;
				CLANG_WARN_INT_CONVERSION = YES;
				CLANG_WARN_NON_LITERAL_NULL_CONVERSION = YES;
				CLANG_WARN_OBJC_IMPLICIT_RETAIN_SELF = YES;
				CLANG_WARN_OBJC_LITERAL_CONVERSION = YES;
				CLANG_WARN_OBJC_ROOT_CLASS = YES_ERROR;
				CLANG_WARN_QUOTED_INCLUDE_IN_FRAMEWORK_HEADER = YES;
				CLANG_WARN_RANGE_LOOP_ANALYSIS = YES;
				CLANG_WARN_STRICT_PROTOTYPES = YES;
				CLANG_WARN_SUSPICIOUS_MOVE = YES;
				CLANG_WARN_UNGUARDED_AVAILABILITY = YES_AGGRESSIVE;
				CLANG_WARN_UNREACHABLE_CODE = YES;
				CLANG_WARN__DUPLICATE_METHOD_MATCH = YES;
				COPY_PHASE_STRIP = NO;
				DEBUG_INFORMATION_FORMAT = dwarf;
				DEVELOPMENT_TEAM = 32R66SNDGS;
				ENABLE_STRICT_OBJC_MSGSEND = YES;
				ENABLE_TESTABILITY = YES;
				ENABLE_USER_SCRIPT_SANDBOXING = YES;
				GCC_C_LANGUAGE_STANDARD = gnu17;
				GCC_DYNAMIC_NO_PIC = NO;
				GCC_NO_COMMON_BLOCKS = YES;
				GCC_OPTIMIZATION_LEVEL = 0;
				GCC_PREPROCESSOR_DEFINITIONS = (
					"DEBUG=1",
					"$(inherited)",
				);
				GCC_WARN_64_TO_32_BIT_CONVERSION = YES;
				GCC_WARN_ABOUT_RETURN_TYPE = YES_ERROR;
				GCC_WARN_UNDECLARED_SELECTOR = YES;
				GCC_WARN_UNINITIALIZED_AUTOS = YES_AGGRESSIVE;
				GCC_WARN_UNUSED_FUNCTION = YES;
				GCC_WARN_UNUSED_VARIABLE = YES;
				LOCALIZATION_PREFERS_STRING_CATALOGS = YES;
				MTL_ENABLE_DEBUG_INFO = INCLUDE_SOURCE;
				MTL_FAST_MATH = YES;
				ONLY_ACTIVE_ARCH = YES;
				SWIFT_ACTIVE_COMPILATION_CONDITIONS = "DEBUG $(inherited)";
				SWIFT_OPTIMIZATION_LEVEL = "-Onone";
			};
			name = Debug;
		};
		11D2ECD52F351CDB0064A932 /* Release */ = {
			isa = XCBuildConfiguration;
			buildSettings = {
				ALWAYS_SEARCH_USER_PATHS = NO;
				ASSETCATALOG_COMPILER_GENERATE_SWIFT_ASSET_SYMBOL_EXTENSIONS = YES;
				CLANG_ANALYZER_NONNULL = YES;
				CLANG_ANALYZER_NUMBER_OBJECT_CONVERSION = YES_AGGRESSIVE;
				CLANG_CXX_LANGUAGE_STANDARD = "gnu++20";
				CLANG_ENABLE_MODULES = YES;
				CLANG_ENABLE_OBJC_ARC = YES;
				CLANG_ENABLE_OBJC_WEAK = YES;
				CLANG_WARN_BLOCK_CAPTURE_AUTORELEASING = YES;
				CLANG_WARN_BOOL_CONVERSION = YES;
				CLANG_WARN_COMMA = YES;
				CLANG_WARN_CONSTANT_CONVERSION = YES;
				CLANG_WARN_DEPRECATED_OBJC_IMPLEMENTATIONS = YES;
				CLANG_WARN_DIRECT_OBJC_ISA_USAGE = YES_ERROR;
				CLANG_WARN_DOCUMENTATION_COMMENTS = YES;
				CLANG_WARN_EMPTY_BODY = YES;
				CLANG_WARN_ENUM_CONVERSION = YES;
				CLANG_WARN_INFINITE_RECURSION = YES;
				CLANG_WARN_INT_CONVERSION = YES;
				CLANG_WARN_NON_LITERAL_NULL_CONVERSION = YES;
				CLANG_WARN_OBJC_IMPLICIT_RETAIN_SELF = YES;
				CLANG_WARN_OBJC_LITERAL_CONVERSION = YES;
				CLANG_WARN_OBJC_ROOT_CLASS = YES_ERROR;
				CLANG_WARN_QUOTED_INCLUDE_IN_FRAMEWORK_HEADER = YES;
				CLANG_WARN_RANGE_LOOP_ANALYSIS = YES;
				CLANG_WARN_STRICT_PROTOTYPES = YES;
				CLANG_WARN_SUSPICIOUS_MOVE = YES;
				CLANG_WARN_UNGUARDED_AVAILABILITY = YES_AGGRESSIVE;
				CLANG_WARN_UNREACHABLE_CODE = YES;
				CLANG_WARN__DUPLICATE_METHOD_MATCH = YES;
				COPY_PHASE_STRIP = NO;
				DEBUG_INFORMATION_FORMAT = "dwarf-with-dsym";
				DEVELOPMENT_TEAM = 32R66SNDGS;
				ENABLE_NS_ASSERTIONS = NO;
				ENABLE_STRICT_OBJC_MSGSEND = YES;
				ENABLE_USER_SCRIPT_SANDBOXING = YES;
				GCC_C_LANGUAGE_STANDARD = gnu17;
				GCC_NO_COMMON_BLOCKS = YES;
				GCC_WARN_64_TO_32_BIT_CONVERSION = YES;
				GCC_WARN_ABOUT_RETURN_TYPE = YES_ERROR;
				GCC_WARN_UNDECLARED_SELECTOR = YES;
				GCC_WARN_UNINITIALIZED_AUTOS = YES_AGGRESSIVE;
				GCC_WARN_UNUSED_FUNCTION = YES;
				GCC_WARN_UNUSED_VARIABLE = YES;
				LOCALIZATION_PREFERS_STRING_CATALOGS = YES;
				MTL_ENABLE_DEBUG_INFO = NO;
				MTL_FAST_MATH = YES;
				SWIFT_COMPILATION_MODE = wholemodule;
			};
			name = Release;
		};
		11D2ECD72F351CDB0064A932 /* Debug */ = {
			isa = XCBuildConfiguration;
			buildSettings = {
				ASSETCATALOG_COMPILER_APPICON_NAME = AppIcon;
				ASSETCATALOG_COMPILER_GLOBAL_ACCENT_COLOR_NAME = AccentColor;
				CODE_SIGN_STYLE = Automatic;
				CURRENT_PROJECT_VERSION = 1;
				DEVELOPMENT_TEAM = 32R66SNDGS;
				ENABLE_APP_SANDBOX = YES;
				ENABLE_HARDENED_RUNTIME = YES;
				ENABLE_PREVIEWS = YES;
				ENABLE_USER_SELECTED_FILES = readonly;
				GENERATE_INFOPLIST_FILE = YES;
				"INFOPLIST_KEY_UIApplicationSceneManifest_Generation[sdk=iphoneos*]" = YES;
				"INFOPLIST_KEY_UIApplicationSceneManifest_Generation[sdk=iphonesimulator*]" = YES;
				"INFOPLIST_KEY_UIApplicationSupportsIndirectInputEvents[sdk=iphoneos*]" = YES;
				"INFOPLIST_KEY_UIApplicationSupportsIndirectInputEvents[sdk=iphonesimulator*]" = YES;
				"INFOPLIST_KEY_UILaunchScreen_Generation[sdk=iphoneos*]" = YES;
				"INFOPLIST_KEY_UILaunchScreen_Generation[sdk=iphonesimulator*]" = YES;
				"INFOPLIST_KEY_UIStatusBarStyle[sdk=iphoneos*]" = UIStatusBarStyleDefault;
				"INFOPLIST_KEY_UIStatusBarStyle[sdk=iphonesimulator*]" = UIStatusBarStyleDefault;
				INFOPLIST_KEY_UISupportedInterfaceOrientations_iPad = "UIInterfaceOrientationPortrait UIInterfaceOrientationPortraitUpsideDown UIInterfaceOrientationLandscapeLeft UIInterfaceOrientationLandscapeRight";
				INFOPLIST_KEY_UISupportedInterfaceOrientations_iPhone = "UIInterfaceOrientationPortrait UIInterfaceOrientationLandscapeLeft UIInterfaceOrientationLandscapeRight";
				IPHONEOS_DEPLOYMENT_TARGET = 26.2;
				LD_RUNPATH_SEARCH_PATHS = "@executable_path/Frameworks";
				"LD_RUNPATH_SEARCH_PATHS[sdk=macosx*]" = "@executable_path/../Frameworks";
				MACOSX_DEPLOYMENT_TARGET = 26.2;
				MARKETING_VERSION = 1.0;
				PRODUCT_BUNDLE_IDENTIFIER = io.positron.RenderChat;
				PRODUCT_NAME = "$(TARGET_NAME)";
				REGISTER_APP_GROUPS = YES;
				SDKROOT = auto;
				STRING_CATALOG_GENERATE_SYMBOLS = YES;
				SUPPORTED_PLATFORMS = "iphoneos iphonesimulator macosx xros xrsimulator";
				SWIFT_APPROACHABLE_CONCURRENCY = YES;
				SWIFT_DEFAULT_ACTOR_ISOLATION = MainActor;
				SWIFT_EMIT_LOC_STRINGS = YES;
				SWIFT_UPCOMING_FEATURE_MEMBER_IMPORT_VISIBILITY = YES;
				SWIFT_VERSION = 5.0;
				TARGETED_DEVICE_FAMILY = "1,2,7";
				XROS_DEPLOYMENT_TARGET = 26.2;
			};
			name = Debug;
		};
		11D2ECD82F351CDB0064A932 /* Release */ = {
			isa = XCBuildConfiguration;
			buildSettings = {
				ASSETCATALOG_COMPILER_APPICON_NAME = AppIcon;
				ASSETCATALOG_COMPILER_GLOBAL_ACCENT_COLOR_NAME = AccentColor;
				CODE_SIGN_STYLE = Automatic;
				CURRENT_PROJECT_VERSION = 1;
				DEVELOPMENT_TEAM = 32R66SNDGS;
				ENABLE_APP_SANDBOX = YES;
				ENABLE_HARDENED_RUNTIME = YES;
				ENABLE_PREVIEWS = YES;
				ENABLE_USER_SELECTED_FILES = readonly;
				GENERATE_INFOPLIST_FILE = YES;
				"INFOPLIST_KEY_UIApplicationSceneManifest_Generation[sdk=iphoneos*]" = YES;
				"INFOPLIST_KEY_UIApplicationSceneManifest_Generation[sdk=iphonesimulator*]" = YES;
				"INFOPLIST_KEY_UIApplicationSupportsIndirectInputEvents[sdk=iphoneos*]" = YES;
				"INFOPLIST_KEY_UIApplicationSupportsIndirectInputEvents[sdk=iphonesimulator*]" = YES;
				"INFOPLIST_KEY_UILaunchScreen_Generation[sdk=iphoneos*]" = YES;
				"INFOPLIST_KEY_UILaunchScreen_Generation[sdk=iphonesimulator*]" = YES;
				"INFOPLIST_KEY_UIStatusBarStyle[sdk=iphoneos*]" = UIStatusBarStyleDefault;
				"INFOPLIST_KEY_UIStatusBarStyle[sdk=iphonesimulator*]" = UIStatusBarStyleDefault;
				INFOPLIST_KEY_UISupportedInterfaceOrientations_iPad = "UIInterfaceOrientationPortrait UIInterfaceOrientationPortraitUpsideDown UIInterfaceOrientationLandscapeLeft UIInterfaceOrientationLandscapeRight";
				INFOPLIST_KEY_UISupportedInterfaceOrientations_iPhone = "UIInterfaceOrientationPortrait UIInterfaceOrientationLandscapeLeft UIInterfaceOrientationLandscapeRight";
				IPHONEOS_DEPLOYMENT_TARGET = 26.2;
				LD_RUNPATH_SEARCH_PATHS = "@executable_path/Frameworks";
				"LD_RUNPATH_SEARCH_PATHS[sdk=macosx*]" = "@executable_path/../Frameworks";
				MACOSX_DEPLOYMENT_TARGET = 26.2;
				MARKETING_VERSION = 1.0;
				PRODUCT_BUNDLE_IDENTIFIER = io.positron.RenderChat;
				PRODUCT_NAME = "$(TARGET_NAME)";
				REGISTER_APP_GROUPS = YES;
				SDKROOT = auto;
				STRING_CATALOG_GENERATE_SYMBOLS = YES;
				SUPPORTED_PLATFORMS = "iphoneos iphonesimulator macosx xros xrsimulator";
				SWIFT_APPROACHABLE_CONCURRENCY = YES;
				SWIFT_DEFAULT_ACTOR_ISOLATION = MainActor;
				SWIFT_EMIT_LOC_STRINGS = YES;
				SWIFT_UPCOMING_FEATURE_MEMBER_IMPORT_VISIBILITY = YES;
				SWIFT_VERSION = 5.0;
				TARGETED_DEVICE_FAMILY = "1,2,7";
				XROS_DEPLOYMENT_TARGET = 26.2;
			};
			name = Release;
		};
		11D2ECDA2F351CDB0064A932 /* Debug */ = {
			isa = XCBuildConfiguration;
			buildSettings = {
				BUNDLE_LOADER = "$(TEST_HOST)";
				CODE_SIGN_STYLE = Automatic;
				CURRENT_PROJECT_VERSION = 1;
				DEVELOPMENT_TEAM = 32R66SNDGS;
				GENERATE_INFOPLIST_FILE = YES;
				IPHONEOS_DEPLOYMENT_TARGET = 26.2;
				MACOSX_DEPLOYMENT_TARGET = 26.2;
				MARKETING_VERSION = 1.0;
				PRODUCT_BUNDLE_IDENTIFIER = io.positron.RenderChatTests;
				PRODUCT_NAME = "$(TARGET_NAME)";
				SDKROOT = auto;
				STRING_CATALOG_GENERATE_SYMBOLS = NO;
				SUPPORTED_PLATFORMS = "iphoneos iphonesimulator macosx xros xrsimulator";
				SWIFT_APPROACHABLE_CONCURRENCY = YES;
				SWIFT_EMIT_LOC_STRINGS = NO;
				SWIFT_UPCOMING_FEATURE_MEMBER_IMPORT_VISIBILITY = YES;
				SWIFT_VERSION = 5.0;
				TARGETED_DEVICE_FAMILY = "1,2,7";
				TEST_HOST = "$(BUILT_PRODUCTS_DIR)/RenderChat.app/$(BUNDLE_EXECUTABLE_FOLDER_PATH)/RenderChat";
				XROS_DEPLOYMENT_TARGET = 26.2;
			};
			name = Debug;
		};
		11D2ECDB2F351CDB0064A932 /* Release */ = {
			isa = XCBuildConfiguration;
			buildSettings = {
				BUNDLE_LOADER = "$(TEST_HOST)";
				CODE_SIGN_STYLE = Automatic;
				CURRENT_PROJECT_VERSION = 1;
				DEVELOPMENT_TEAM = 32R66SNDGS;
				GENERATE_INFOPLIST_FILE = YES;
				IPHONEOS_DEPLOYMENT_TARGET = 26.2;
				MACOSX_DEPLOYMENT_TARGET = 26.2;
				MARKETING_VERSION = 1.0;
				PRODUCT_BUNDLE_IDENTIFIER = io.positron.RenderChatTests;
				PRODUCT_NAME = "$(TARGET_NAME)";
				SDKROOT = auto;
				STRING_CATALOG_GENERATE_SYMBOLS = NO;
				SUPPORTED_PLATFORMS = "iphoneos iphonesimulator macosx xros xrsimulator";
				SWIFT_APPROACHABLE_CONCURRENCY = YES;
				SWIFT_EMIT_LOC_STRINGS = NO;
				SWIFT_UPCOMING_FEATURE_MEMBER_IMPORT_VISIBILITY = YES;
				SWIFT_VERSION = 5.0;
				TARGETED_DEVICE_FAMILY = "1,2,7";
				TEST_HOST = "$(BUILT_PRODUCTS_DIR)/RenderChat.app/$(BUNDLE_EXECUTABLE_FOLDER_PATH)/RenderChat";
				XROS_DEPLOYMENT_TARGET = 26.2;
			};
			name = Release;
		};
		11D2ECDD2F351CDB0064A932 /* Debug */ = {
			isa = XCBuildConfiguration;
			buildSettings = {
				CODE_SIGN_STYLE = Automatic;
				CURRENT_PROJECT_VERSION = 1;
				DEVELOPMENT_TEAM = 32R66SNDGS;
				GENERATE_INFOPLIST_FILE = YES;
				IPHONEOS_DEPLOYMENT_TARGET = 26.2;
				MACOSX_DEPLOYMENT_TARGET = 26.2;
				MARKETING_VERSION = 1.0;
				PRODUCT_BUNDLE_IDENTIFIER = io.positron.RenderChatUITests;
				PRODUCT_NAME = "$(TARGET_NAME)";
				SDKROOT = auto;
				STRING_CATALOG_GENERATE_SYMBOLS = NO;
				SUPPORTED_PLATFORMS = "iphoneos iphonesimulator macosx xros xrsimulator";
				SWIFT_APPROACHABLE_CONCURRENCY = YES;
				SWIFT_EMIT_LOC_STRINGS = NO;
				SWIFT_UPCOMING_FEATURE_MEMBER_IMPORT_VISIBILITY = YES;
				SWIFT_VERSION = 5.0;
				TARGETED_DEVICE_FAMILY = "1,2,7";
				TEST_TARGET_NAME = RenderChat;
				XROS_DEPLOYMENT_TARGET = 26.2;
			};
			name = Debug;
		};
		11D2ECDE2F351CDB0064A932 /* Release */ = {
			isa = XCBuildConfiguration;
			buildSettings = {
				CODE_SIGN_STYLE = Automatic;
				CURRENT_PROJECT_VERSION = 1;
				DEVELOPMENT_TEAM = 32R66SNDGS;
				GENERATE_INFOPLIST_FILE = YES;
				IPHONEOS_DEPLOYMENT_TARGET = 26.2;
				MACOSX_DEPLOYMENT_TARGET = 26.2;
				MARKETING_VERSION = 1.0;
				PRODUCT_BUNDLE_IDENTIFIER = io.positron.RenderChatUITests;
				PRODUCT_NAME = "$(TARGET_NAME)";
				SDKROOT = auto;
				STRING_CATALOG_GENERATE_SYMBOLS = NO;
				SUPPORTED_PLATFORMS = "iphoneos iphonesimulator macosx xros xrsimulator";
				SWIFT_APPROACHABLE_CONCURRENCY = YES;
				SWIFT_EMIT_LOC_STRINGS = NO;
				SWIFT_UPCOMING_FEATURE_MEMBER_IMPORT_VISIBILITY = YES;
				SWIFT_VERSION = 5.0;
				TARGETED_DEVICE_FAMILY = "1,2,7";
				TEST_TARGET_NAME = RenderChat;
				XROS_DEPLOYMENT_TARGET = 26.2;
			};
			name = Release;
		};
/* End XCBuildConfiguration section */

/* Begin XCConfigurationList section */
		11D2ECB02F351CDA0064A932 /* Build configuration list for PBXProject "RenderChat" */ = {
			isa = XCConfigurationList;
			buildConfigurations = (
				11D2ECD42F351CDB0064A932 /* Debug */,
				11D2ECD52F351CDB0064A932 /* Release */,
			);
			defaultConfigurationIsVisible = 0;
			defaultConfigurationName = Release;
		};
		11D2ECD62F351CDB0064A932 /* Build configuration list for PBXNativeTarget "RenderChat" */ = {
			isa = XCConfigurationList;
			buildConfigurations = (
				11D2ECD72F351CDB0064A932 /* Debug */,
				11D2ECD82F351CDB0064A932 /* Release */,
			);
			defaultConfigurationIsVisible = 0;
			defaultConfigurationName = Release;
		};
		11D2ECD92F351CDB0064A932 /* Build configuration list for PBXNativeTarget "RenderChatTests" */ = {
			isa = XCConfigurationList;
			buildConfigurations = (
				11D2ECDA2F351CDB0064A932 /* Debug */,
				11D2ECDB2F351CDB0064A932 /* Release */,
			);
			defaultConfigurationIsVisible = 0;
			defaultConfigurationName = Release;
		};
		11D2ECDC2F351CDB0064A932 /* Build configuration list for PBXNativeTarget "RenderChatUITests" */ = {
			isa = XCConfigurationList;
			buildConfigurations = (
				11D2ECDD2F351CDB0064A932 /* Debug */,
				11D2ECDE2F351CDB0064A932 /* Release */,
			);
			defaultConfigurationIsVisible = 0;
			defaultConfigurationName = Release;
		};
/* End XCConfigurationList section */

/* Begin XCLocalSwiftPackageReference section */
		11BE2E5E2F351E1300748250 /* XCLocalSwiftPackageReference "../SwiftUIRender" */ = {
			isa = XCLocalSwiftPackageReference;
			relativePath = ../SwiftUIRender;
		};
/* End XCLocalSwiftPackageReference section */

/* Begin XCRemoteSwiftPackageReference section */
		11BE2E632F3523D400748250 /* XCRemoteSwiftPackageReference "Endpoints" */ = {
			isa = XCRemoteSwiftPackageReference;
			repositoryURL = "https://github.com/velos/Endpoints";
			requirement = {
				branch = authentication;
				kind = branch;
			};
		};
		11BE2E682F35292900748250 /* XCRemoteSwiftPackageReference "AsyncViewModel" */ = {
			isa = XCRemoteSwiftPackageReference;
			repositoryURL = "https://github.com/velos/AsyncViewModel";
			requirement = {
				branch = main;
				kind = branch;
			};
		};
		11BE2E6B2F35294100748250 /* XCRemoteSwiftPackageReference "AsyncServerSentEvents" */ = {
			isa = XCRemoteSwiftPackageReference;
			repositoryURL = "https://github.com/velos/AsyncServerSentEvents";
			requirement = {
				branch = main;
				kind = branch;
			};
		};
/* End XCRemoteSwiftPackageReference section */

/* Begin XCSwiftPackageProductDependency section */
		11BE2E5F2F351E1300748250 /* SwiftUIRender */ = {
			isa = XCSwiftPackageProductDependency;
			productName = SwiftUIRender;
		};
		11BE2E642F3523D400748250 /* Endpoints */ = {
			isa = XCSwiftPackageProductDependency;
			package = 11BE2E632F3523D400748250 /* XCRemoteSwiftPackageReference "Endpoints" */;
			productName = Endpoints;
		};
		11BE2E662F3523D400748250 /* EndpointsMocking */ = {
			isa = XCSwiftPackageProductDependency;
			package = 11BE2E632F3523D400748250 /* XCRemoteSwiftPackageReference "Endpoints" */;
			productName = EndpointsMocking;
		};
		11BE2E692F35292900748250 /* AsyncViewModel */ = {
			isa = XCSwiftPackageProductDependency;
			package = 11BE2E682F35292900748250 /* XCRemoteSwiftPackageReference "AsyncViewModel" */;
			productName = AsyncViewModel;
		};
		11BE2E6C2F35294100748250 /* AsyncServerSentEvents */ = {
			isa = XCSwiftPackageProductDependency;
			package = 11BE2E6B2F35294100748250 /* XCRemoteSwiftPackageReference "AsyncServerSentEvents" */;
			productName = AsyncServerSentEvents;
		};
/* End XCSwiftPackageProductDependency section */
	};
	rootObject = 11D2ECAD2F351CDA0064A932 /* Project object */;
}
